Microsoft Visual Studio Solution File, Format Version 12.00
# Visual Studio Version 17
VisualStudioVersion = 17.0.31903.59
MinimumVisualStudioVersion = 10.0.40219.1
Project("{FAE04EC0-301F-11D3-BF4B-00C04F79EFBC}") = "Ufex.API", "src\Ufex.API\Ufex.API.csproj", "{CAE1EC26-6450-4FA1-B92F-4A066F1F1A9D}"
EndProject
Project("{FAE04EC0-301F-11D3-BF4B-00C04F79EFBC}") = "Ufex.FileType", "src\Ufex.FileType\Ufex.FileType.csproj", "{B2C3D4E5-F6A7-4B8C-9D0E-1F2A3B4C5D6E}"
EndProject
Project("{2150E333-8FDC-42A3-9474-1A3956D46DE8}") = "Plugins", "Plugins", "{11111111-1111-1111-1111-111111111111}"
EndProject
Project("{FAE04EC0-301F-11D3-BF4B-00C04F79EFBC}") = "UfexBMP", "external\Ufex.BMP\UfexBMP.csproj", "{11110001-0001-0001-0001-000000000001}"
EndProject
Project("{FAE04EC0-301F-11D3-BF4B-00C04F79EFBC}") = "UfexGIF", "external\Ufex.GIF\UfexGIF.csproj", "{11110002-0002-0002-0002-000000000002}"
EndProject
Project("{FAE04EC0-301F-11D3-BF4B-00C04F79EFBC}") = "UfexGZIP", "external\Ufex.GZIP\UfexGZIP.csproj", "{11110003-0003-0003-0003-000000000003}"
EndProject
Project("{FAE04EC0-301F-11D3-BF4B-00C04F79EFBC}") = "UfexINI", "external\Ufex.INI\UfexINI.csproj", "{11110004-0004-0004-0004-000000000004}"
EndProject
Project("{FAE04EC0-301F-11D3-BF4B-00C04F79EFBC}") = "UfexJPEG", "external\Ufex.JPEG\UfexJPEG.csproj", "{11110005-0005-0005-0005-000000000005}"
EndProject
Project("{FAE04EC0-301F-11D3-BF4B-00C04F79EFBC}") = "UfexPNG", "external\Ufex.PNG\UfexPNG.csproj", "{11110006-0006-0006-0006-000000000006}"
EndProject
Project("{FAE04EC0-301F-11D3-BF4B-00C04F79EFBC}") = "UfexRIFF", "external\Ufex.RIFF\UfexRIFF.csproj", "{11110007-0007-0007-0007-000000000007}"
EndProject
Project("{FAE04EC0-301F-11D3-BF4B-00C04F79EFBC}") = "UfexWMF", "external\Ufex.WMF\UfexWMF.csproj", "{11110008-0008-0008-0008-000000000008}"
EndProject
Project("{FAE04EC0-301F-11D3-BF4B-00C04F79EFBC}") = "UfexXML", "external\Ufex.XML\UfexXML.csproj", "{11110009-0009-0009-0009-000000000009}"
EndProject
Project("{FAE04EC0-301F-11D3-BF4B-00C04F79EFBC}") = "UfexZIP", "external\Ufex.ZIP\UfexZIP.csproj", "{1111000A-000A-000A-000A-00000000000A}"
EndProject
Global
	GlobalSection(SolutionConfigurationPlatforms) = preSolution
		Debug|Any CPU = Debug|Any CPU
		Release|Any CPU = Release|Any CPU
	EndGlobalSection
	GlobalSection(ProjectConfigurationPlatforms) = postSolution
		{CAE1EC26-6450-4FA1-B92F-4A066F1F1A9D}.Debug|Any CPU.ActiveCfg = Debug|Any CPU
		{CAE1EC26-6450-4FA1-B92F-4A066F1F1A9D}.Debug|Any CPU.Build.0 = Debug|Any CPU
		{CAE1EC26-6450-4FA1-B92F-4A066F1F1A9D}.Release|Any CPU.ActiveCfg = Release|Any CPU
		{CAE1EC26-6450-4FA1-B92F-4A066F1F1A9D}.Release|Any CPU.Build.0 = Release|Any CPU
		{B2C3D4E5-F6A7-4B8C-9D0E-1F2A3B4C5D6E}.Debug|Any CPU.ActiveCfg = Debug|Any CPU
		{B2C3D4E5-F6A7-4B8C-9D0E-1F2A3B4C5D6E}.Debug|Any CPU.Build.0 = Debug|Any CPU
		{B2C3D4E5-F6A7-4B8C-9D0E-1F2A3B4C5D6E}.Release|Any CPU.ActiveCfg = Release|Any CPU
		{B2C3D4E5-F6A7-4B8C-9D0E-1F2A3B4C5D6E}.Release|Any CPU.Build.0 = Release|Any CPU
		{11110001-0001-0001-0001-000000000001}.Debug|Any CPU.ActiveCfg = Debug|Any CPU
		{11110001-0001-0001-0001-000000000001}.Debug|Any CPU.Build.0 = Debug|Any CPU
		{11110001-0001-0001-0001-000000000001}.Release|Any CPU.ActiveCfg = Release|Any CPU
		{11110001-0001-0001-0001-000000000001}.Release|Any CPU.Build.0 = Release|Any CPU
		{11110002-0002-0002-0002-000000000002}.Debug|Any CPU.ActiveCfg = Debug|Any CPU
		{11110002-0002-0002-0002-000000000002}.Debug|Any CPU.Build.0 = Debug|Any CPU
		{11110002-0002-0002-0002-000000000002}.Release|Any CPU.ActiveCfg = Release|Any CPU
		{11110002-0002-0002-0002-000000000002}.Release|Any CPU.Build.0 = Release|Any CPU
		{11110003-0003-0003-0003-000000000003}.Debug|Any CPU.ActiveCfg = Debug|Any CPU
		{11110003-0003-0003-0003-000000000003}.Debug|Any CPU.Build.0 = Debug|Any CPU
		{11110003-0003-0003-0003-000000000003}.Release|Any CPU.ActiveCfg = Release|Any CPU
		{11110003-0003-0003-0003-000000000003}.Release|Any CPU.Build.0 = Release|Any CPU
		{11110004-0004-0004-0004-000000000004}.Debug|Any CPU.ActiveCfg = Debug|Any CPU
		{11110004-0004-0004-0004-000000000004}.Debug|Any CPU.Build.0 = Debug|Any CPU
		{11110004-0004-0004-0004-000000000004}.Release|Any CPU.ActiveCfg = Release|Any CPU
		{11110004-0004-0004-0004-000000000004}.Release|Any CPU.Build.0 = Release|Any CPU
		{11110005-0005-0005-0005-000000000005}.Debug|Any CPU.ActiveCfg = Debug|Any CPU
		{11110005-0005-0005-0005-000000000005}.Debug|Any CPU.Build.0 = Debug|Any CPU
		{11110005-0005-0005-0005-000000000005}.Release|Any CPU.ActiveCfg = Release|Any CPU
		{11110005-0005-0005-0005-000000000005}.Release|Any CPU.Build.0 = Release|Any CPU
		{11110006-0006-0006-0006-000000000006}.Debug|Any CPU.ActiveCfg = Debug|Any CPU
		{11110006-0006-0006-0006-000000000006}.Debug|Any CPU.Build.0 = Debug|Any CPU
		{11110006-0006-0006-0006-000000000006}.Release|Any CPU.ActiveCfg = Release|Any CPU
		{11110006-0006-0006-0006-000000000006}.Release|Any CPU.Build.0 = Release|Any CPU
		{11110007-0007-0007-0007-000000000007}.Debug|Any CPU.ActiveCfg = Debug|Any CPU
		{11110007-0007-0007-0007-000000000007}.Debug|Any CPU.Build.0 = Debug|Any CPU
		{11110007-0007-0007-0007-000000000007}.Release|Any CPU.ActiveCfg = Release|Any CPU
		{11110007-0007-0007-0007-000000000007}.Release|Any CPU.Build.0 = Release|Any CPU
		{11110008-0008-0008-0008-000000000008}.Debug|Any CPU.ActiveCfg = Debug|Any CPU
		{11110008-0008-0008-0008-000000000008}.Debug|Any CPU.Build.0 = Debug|Any CPU
		{11110008-0008-0008-0008-000000000008}.Release|Any CPU.ActiveCfg = Release|Any CPU
		{11110008-0008-0008-0008-000000000008}.Release|Any CPU.Build.0 = Release|Any CPU
		{11110009-0009-0009-0009-000000000009}.Debug|Any CPU.ActiveCfg = Debug|Any CPU
		{11110009-0009-0009-0009-000000000009}.Debug|Any CPU.Build.0 = Debug|Any CPU
		{11110009-0009-0009-0009-000000000009}.Release|Any CPU.ActiveCfg = Release|Any CPU
		{11110009-0009-0009-0009-000000000009}.Release|Any CPU.Build.0 = Release|Any CPU
		{1111000A-000A-000A-000A-00000000000A}.Debug|Any CPU.ActiveCfg = Debug|Any CPU
		{1111000A-000A-000A-000A-00000000000A}.Debug|Any CPU.Build.0 = Debug|Any CPU
		{1111000A-000A-000A-000A-00000000000A}.Release|Any CPU.ActiveCfg = Release|Any CPU
		{1111000A-000A-000A-000A-00000000000A}.Release|Any CPU.Build.0 = Release|Any CPU
	EndGlobalSection
	GlobalSection(NestedProjects) = preSolution
		{11110001-0001-0001-0001-000000000001} = {11111111-1111-1111-1111-111111111111}
		{11110002-0002-0002-0002-000000000002} = {11111111-1111-1111-1111-111111111111}
		{11110003-0003-0003-0003-000000000003} = {11111111-1111-1111-1111-111111111111}
		{11110004-0004-0004-0004-000000000004} = {11111111-1111-1111-1111-111111111111}
		{11110005-0005-0005-0005-000000000005} = {11111111-1111-1111-1111-111111111111}
		{11110006-0006-0006-0006-000000000006} = {11111111-1111-1111-1111-111111111111}
		{11110007-0007-0007-0007-000000000007} = {11111111-1111-1111-1111-111111111111}
		{11110008-0008-0008-0008-000000000008} = {11111111-1111-1111-1111-111111111111}
		{11110009-0009-0009-0009-000000000009} = {11111111-1111-1111-1111-111111111111}
		{1111000A-000A-000A-000A-00000000000A} = {11111111-1111-1111-1111-111111111111}
	EndGlobalSection
EndGlobal
