<?xml version="1.0" encoding="utf-8"?>
<Project ToolsVersion="4.0" xmlns="http://schemas.microsoft.com/developer/msbuild/2003">
  <ItemGroup>
    <Filter Include="Source Files">
      <UniqueIdentifier>{4FC737F1-C7A5-4376-A066-2A32D752A2FF}</UniqueIdentifier>
      <Extensions>cpp;c;cc;cxx;c++;cppm;ixx;def;odl;idl;hpj;bat;asm;asmx</Extensions>
    </Filter>
    <Filter Include="Header Files">
      <UniqueIdentifier>{93995380-89BD-4b04-88EB-625FBE52EBFB}</UniqueIdentifier>
      <Extensions>h;hh;hpp;hxx;h++;hm;inl;inc;ipp;xsd</Extensions>
    </Filter>
    <Filter Include="Resource Files">
      <UniqueIdentifier>{67DA6AB6-F800-4c08-8B7A-83BB121AAD01}</UniqueIdentifier>
      <Extensions>rc;ico;cur;bmp;dlg;rc2;rct;bin;rgs;gif;jpg;jpeg;jpe;resx;tiff;tif;png;wav;mfcribbon-ms</Extensions>
    </Filter>
  </ItemGroup>
  <ItemGroup>
    <ClInclude Include="ArrayUtil.h">
      <Filter>Header Files</Filter>
    </ClInclude>
    <ClInclude Include="BinManip.h">
      <Filter>Header Files</Filter>
    </ClInclude>
    <ClInclude Include="DynTableData.h">
      <Filter>Header Files</Filter>
    </ClInclude>
    <ClInclude Include="FileReader.h">
      <Filter>Header Files</Filter>
    </ClInclude>
    <ClInclude Include="GUIUtil.h">
      <Filter>Header Files</Filter>
    </ClInclude>
    <ClInclude Include="IconCollection.h">
      <Filter>Header Files</Filter>
    </ClInclude>
    <ClInclude Include="QuickInfoTable.h">
      <Filter>Header Files</Filter>
    </ClInclude>
    <ClInclude Include="resource.h">
      <Filter>Header Files</Filter>
    </ClInclude>
    <ClInclude Include="Stdafx.h">
      <Filter>Header Files</Filter>
    </ClInclude>
    <ClInclude Include="StringPack.h">
      <Filter>Header Files</Filter>
    </ClInclude>
    <ClInclude Include="StrTableData.h">
      <Filter>Header Files</Filter>
    </ClInclude>
    <ClInclude Include="TreeNodeTag.h">
      <Filter>Header Files</Filter>
    </ClInclude>
    <ClInclude Include="TreeViewIcon.h">
      <Filter>Header Files</Filter>
    </ClInclude>
    <ClInclude Include="UFEArrayToNum.h">
      <Filter>Header Files</Filter>
    </ClInclude>
    <ClInclude Include="UFEDataFile.h">
      <Filter>Header Files</Filter>
    </ClInclude>
    <ClInclude Include="UFEDebug.h">
      <Filter>Header Files</Filter>
    </ClInclude>
    <ClInclude Include="UFENumToString.h">
      <Filter>Header Files</Filter>
    </ClInclude>
    <ClInclude Include="UFESettings.h">
      <Filter>Header Files</Filter>
    </ClInclude>
    <ClInclude Include="UFETableData.h">
      <Filter>Header Files</Filter>
    </ClInclude>
    <ClInclude Include="UFETimer.h">
      <Filter>Header Files</Filter>
    </ClInclude>
    <ClInclude Include="UFETreeData.h">
      <Filter>Header Files</Filter>
    </ClInclude>
    <ClInclude Include="UFEUtil.h">
      <Filter>Header Files</Filter>
    </ClInclude>
    <ClInclude Include="..\UFEEngine\targetver.h">
      <Filter>Header Files</Filter>
    </ClInclude>
    <ClInclude Include="UFEDataManip.h">
      <Filter>Header Files</Filter>
    </ClInclude>
  </ItemGroup>
  <ItemGroup>
    <ClCompile Include="AssemblyInfo.cpp">
      <Filter>Source Files</Filter>
    </ClCompile>
    <ClCompile Include="DynTableData.cpp">
      <Filter>Source Files</Filter>
    </ClCompile>
    <ClCompile Include="FileReader.cpp">
      <Filter>Source Files</Filter>
    </ClCompile>
    <ClCompile Include="GUIUtil.cpp">
      <Filter>Source Files</Filter>
    </ClCompile>
    <ClCompile Include="IconCollection.cpp">
      <Filter>Source Files</Filter>
    </ClCompile>
    <ClCompile Include="Includes.cpp">
      <Filter>Source Files</Filter>
    </ClCompile>
    <ClCompile Include="QuickInfoTable.cpp">
      <Filter>Source Files</Filter>
    </ClCompile>
    <ClCompile Include="Stdafx.cpp">
      <Filter>Source Files</Filter>
    </ClCompile>
    <ClCompile Include="StringPack.cpp">
      <Filter>Source Files</Filter>
    </ClCompile>
    <ClCompile Include="StrTableData.cpp">
      <Filter>Source Files</Filter>
    </ClCompile>
    <ClCompile Include="TreeViewIcon.cpp">
      <Filter>Source Files</Filter>
    </ClCompile>
    <ClCompile Include="UFEArrayToNum.cpp">
      <Filter>Source Files</Filter>
    </ClCompile>
    <ClCompile Include="UFEDataFile.cpp">
      <Filter>Source Files</Filter>
    </ClCompile>
    <ClCompile Include="UFEDebug.cpp">
      <Filter>Source Files</Filter>
    </ClCompile>
    <ClCompile Include="UFENumToString.cpp">
      <Filter>Source Files</Filter>
    </ClCompile>
    <ClCompile Include="UFESettings.cpp">
      <Filter>Source Files</Filter>
    </ClCompile>
    <ClCompile Include="UFETableData.cpp">
      <Filter>Source Files</Filter>
    </ClCompile>
    <ClCompile Include="UFETimer.cpp">
      <Filter>Source Files</Filter>
    </ClCompile>
    <ClCompile Include="UFETreeData.cpp">
      <Filter>Source Files</Filter>
    </ClCompile>
    <ClCompile Include="UFEUtil.cpp">
      <Filter>Source Files</Filter>
    </ClCompile>
    <ClCompile Include="UFEDataManip.cpp">
      <Filter>Source Files</Filter>
    </ClCompile>
  </ItemGroup>
</Project>